// !$*UTF8*$!
{
	archiveVersion = 1;
	classes = {
	};
	objectVersion = 50;
	objects = {

/* Begin PBXBuildFile section */
		CD2D2A76219739F100B59737 /* AppDelegate.swift in Sources */ = {isa = PBXBuildFile; fileRef = CD2D2A75219739F100B59737 /* AppDelegate.swift */; };
		CD2D2A78219739F100B59737 /* ViewController.swift in Sources */ = {isa = PBXBuildFile; fileRef = CD2D2A77219739F100B59737 /* ViewController.swift */; };
		CD2D2A7B219739F100B59737 /* Main.storyboard in Resources */ = {isa = PBXBuildFile; fileRef = CD2D2A79219739F100B59737 /* Main.storyboard */; };
		CD2D2A7D219739F500B59737 /* Assets.xcassets in Resources */ = {isa = PBXBuildFile; fileRef = CD2D2A7C219739F500B59737 /* Assets.xcassets */; };
		CD2D2A80219739F500B59737 /* LaunchScreen.storyboard in Resources */ = {isa = PBXBuildFile; fileRef = CD2D2A7E219739F500B59737 /* LaunchScreen.storyboard */; };
		CD2D2A8921973AFB00B59737 /* NetworkService.swift in Sources */ = {isa = PBXBuildFile; fileRef = CD2D2A8821973AFB00B59737 /* NetworkService.swift */; };
		CD2D2A8C21973D6200B59737 /* Alamofire.framework in Frameworks */ = {isa = PBXBuildFile; fileRef = CD2D2A8B21973D6200B59737 /* Alamofire.framework */; };
		CD2D2A8F2197DE8F00B59737 /* Constants.swift in Sources */ = {isa = PBXBuildFile; fileRef = CD2D2A8E2197DE8F00B59737 /* Constants.swift */; };
		CD2D2A912197E0FC00B59737 /* SwiftyBeaver.framework in Frameworks */ = {isa = PBXBuildFile; fileRef = CD2D2A902197E0FC00B59737 /* SwiftyBeaver.framework */; };
		CD2D2A952197E5DE00B59737 /* FeaturedCollectionViewController.swift in Sources */ = {isa = PBXBuildFile; fileRef = CD2D2A942197E5DE00B59737 /* FeaturedCollectionViewController.swift */; };
		CD2D2A992197E86700B59737 /* FeaturedCollectionViewCell.swift in Sources */ = {isa = PBXBuildFile; fileRef = CD2D2A972197E86700B59737 /* FeaturedCollectionViewCell.swift */; };
		CD2D2A9A2197E86700B59737 /* FeaturedCollectionViewCell.xib in Resources */ = {isa = PBXBuildFile; fileRef = CD2D2A982197E86700B59737 /* FeaturedCollectionViewCell.xib */; };
		CD2D2A9D2197EFD700B59737 /* UIColor+Extension.swift in Sources */ = {isa = PBXBuildFile; fileRef = CD2D2A9C2197EFD700B59737 /* UIColor+Extension.swift */; };
		CD2D2AA02197F57D00B59737 /* MoviesCollectionViewCell.swift in Sources */ = {isa = PBXBuildFile; fileRef = CD2D2A9E2197F57D00B59737 /* MoviesCollectionViewCell.swift */; };
		CD2D2AA12197F57D00B59737 /* MoviesCollectionViewCell.xib in Resources */ = {isa = PBXBuildFile; fileRef = CD2D2A9F2197F57D00B59737 /* MoviesCollectionViewCell.xib */; };
		CD2D2AA42197FD1C00B59737 /* FeaturedCollectionViewControllerViewModel.swift in Sources */ = {isa = PBXBuildFile; fileRef = CD2D2AA32197FD1C00B59737 /* FeaturedCollectionViewControllerViewModel.swift */; };
		CD2D2AA62197FD4C00B59737 /* FlickrService.swift in Sources */ = {isa = PBXBuildFile; fileRef = CD2D2AA52197FD4C00B59737 /* FlickrService.swift */; };
		CD2D2AA82198023400B59737 /* FlickrResult.swift in Sources */ = {isa = PBXBuildFile; fileRef = CD2D2AA72198023400B59737 /* FlickrResult.swift */; };
		CD2D2AAA219804C900B59737 /* Photo.swift in Sources */ = {isa = PBXBuildFile; fileRef = CD2D2AA9219804C900B59737 /* Photo.swift */; };
		CD2D2AAD2198165F00B59737 /* Bindable.swift in Sources */ = {isa = PBXBuildFile; fileRef = CD2D2AAC2198165F00B59737 /* Bindable.swift */; };
		CD2D2AB1219828B700B59737 /* FeaturedCollectionViewCellViewModel.swift in Sources */ = {isa = PBXBuildFile; fileRef = CD2D2AB0219828B700B59737 /* FeaturedCollectionViewCellViewModel.swift */; };
		CD2D2AB32198BDD700B59737 /* Array+Extension.swift in Sources */ = {isa = PBXBuildFile; fileRef = CD2D2AB22198BDD700B59737 /* Array+Extension.swift */; };
		CD2D2AB52198C95F00B59737 /* CachedImageView.swift in Sources */ = {isa = PBXBuildFile; fileRef = CD2D2AB42198C95F00B59737 /* CachedImageView.swift */; };
		CD2D2AB72198C9B300B59737 /* DiscardableImageCacheItem.swift in Sources */ = {isa = PBXBuildFile; fileRef = CD2D2AB62198C9B300B59737 /* DiscardableImageCacheItem.swift */; };
/* End PBXBuildFile section */

/* Begin PBXFileReference section */
		CD2D2A72219739F100B59737 /* Shudder.app */ = {isa = PBXFileReference; explicitFileType = wrapper.application; includeInIndex = 0; path = Shudder.app; sourceTree = BUILT_PRODUCTS_DIR; };
		CD2D2A75219739F100B59737 /* AppDelegate.swift */ = {isa = PBXFileReference; lastKnownFileType = sourcecode.swift; path = AppDelegate.swift; sourceTree = "<group>"; };
		CD2D2A77219739F100B59737 /* ViewController.swift */ = {isa = PBXFileReference; lastKnownFileType = sourcecode.swift; path = ViewController.swift; sourceTree = "<group>"; };
		CD2D2A7A219739F100B59737 /* Base */ = {isa = PBXFileReference; lastKnownFileType = file.storyboard; name = Base; path = Base.lproj/Main.storyboard; sourceTree = "<group>"; };
		CD2D2A7C219739F500B59737 /* Assets.xcassets */ = {isa = PBXFileReference; lastKnownFileType = folder.assetcatalog; path = Assets.xcassets; sourceTree = "<group>"; };
		CD2D2A7F219739F500B59737 /* Base */ = {isa = PBXFileReference; lastKnownFileType = file.storyboard; name = Base; path = Base.lproj/LaunchScreen.storyboard; sourceTree = "<group>"; };
		CD2D2A81219739F500B59737 /* Info.plist */ = {isa = PBXFileReference; lastKnownFileType = text.plist.xml; path = Info.plist; sourceTree = "<group>"; };
		CD2D2A8821973AFB00B59737 /* NetworkService.swift */ = {isa = PBXFileReference; lastKnownFileType = sourcecode.swift; path = NetworkService.swift; sourceTree = "<group>"; };
		CD2D2A8B21973D6200B59737 /* Alamofire.framework */ = {isa = PBXFileReference; lastKnownFileType = wrapper.framework; name = Alamofire.framework; path = Carthage/Build/iOS/Alamofire.framework; sourceTree = "<group>"; };
		CD2D2A8E2197DE8F00B59737 /* Constants.swift */ = {isa = PBXFileReference; lastKnownFileType = sourcecode.swift; path = Constants.swift; sourceTree = "<group>"; };
		CD2D2A902197E0FC00B59737 /* SwiftyBeaver.framework */ = {isa = PBXFileReference; lastKnownFileType = wrapper.framework; name = SwiftyBeaver.framework; path = Carthage/Build/iOS/SwiftyBeaver.framework; sourceTree = "<group>"; };
		CD2D2A942197E5DE00B59737 /* FeaturedCollectionViewController.swift */ = {isa = PBXFileReference; lastKnownFileType = sourcecode.swift; path = FeaturedCollectionViewController.swift; sourceTree = "<group>"; };
		CD2D2A972197E86700B59737 /* FeaturedCollectionViewCell.swift */ = {isa = PBXFileReference; lastKnownFileType = sourcecode.swift; path = FeaturedCollectionViewCell.swift; sourceTree = "<group>"; };
		CD2D2A982197E86700B59737 /* FeaturedCollectionViewCell.xib */ = {isa = PBXFileReference; lastKnownFileType = file.xib; path = FeaturedCollectionViewCell.xib; sourceTree = "<group>"; };
		CD2D2A9C2197EFD700B59737 /* UIColor+Extension.swift */ = {isa = PBXFileReference; lastKnownFileType = sourcecode.swift; path = "UIColor+Extension.swift"; sourceTree = "<group>"; };
		CD2D2A9E2197F57D00B59737 /* MoviesCollectionViewCell.swift */ = {isa = PBXFileReference; lastKnownFileType = sourcecode.swift; path = MoviesCollectionViewCell.swift; sourceTree = "<group>"; };
		CD2D2A9F2197F57D00B59737 /* MoviesCollectionViewCell.xib */ = {isa = PBXFileReference; lastKnownFileType = file.xib; path = MoviesCollectionViewCell.xib; sourceTree = "<group>"; };
		CD2D2AA32197FD1C00B59737 /* FeaturedCollectionViewControllerViewModel.swift */ = {isa = PBXFileReference; lastKnownFileType = sourcecode.swift; path = FeaturedCollectionViewControllerViewModel.swift; sourceTree = "<group>"; };
		CD2D2AA52197FD4C00B59737 /* FlickrService.swift */ = {isa = PBXFileReference; lastKnownFileType = sourcecode.swift; path = FlickrService.swift; sourceTree = "<group>"; };
		CD2D2AA72198023400B59737 /* FlickrResult.swift */ = {isa = PBXFileReference; lastKnownFileType = sourcecode.swift; path = FlickrResult.swift; sourceTree = "<group>"; };
		CD2D2AA9219804C900B59737 /* Photo.swift */ = {isa = PBXFileReference; lastKnownFileType = sourcecode.swift; path = Photo.swift; sourceTree = "<group>"; };
		CD2D2AAC2198165F00B59737 /* Bindable.swift */ = {isa = PBXFileReference; lastKnownFileType = sourcecode.swift; path = Bindable.swift; sourceTree = "<group>"; };
		CD2D2AB0219828B700B59737 /* FeaturedCollectionViewCellViewModel.swift */ = {isa = PBXFileReference; lastKnownFileType = sourcecode.swift; path = FeaturedCollectionViewCellViewModel.swift; sourceTree = "<group>"; };
		CD2D2AB22198BDD700B59737 /* Array+Extension.swift */ = {isa = PBXFileReference; lastKnownFileType = sourcecode.swift; path = "Array+Extension.swift"; sourceTree = "<group>"; };
		CD2D2AB42198C95F00B59737 /* CachedImageView.swift */ = {isa = PBXFileReference; lastKnownFileType = sourcecode.swift; path = CachedImageView.swift; sourceTree = "<group>"; };
		CD2D2AB62198C9B300B59737 /* DiscardableImageCacheItem.swift */ = {isa = PBXFileReference; lastKnownFileType = sourcecode.swift; path = DiscardableImageCacheItem.swift; sourceTree = "<group>"; };
/* End PBXFileReference section */

/* Begin PBXFrameworksBuildPhase section */
		CD2D2A6F219739F100B59737 /* Frameworks */ = {
			isa = PBXFrameworksBuildPhase;
			buildActionMask = 2147483647;
			files = (
				CD2D2A8C21973D6200B59737 /* Alamofire.framework in Frameworks */,
				CD2D2A912197E0FC00B59737 /* SwiftyBeaver.framework in Frameworks */,
			);
			runOnlyForDeploymentPostprocessing = 0;
		};
/* End PBXFrameworksBuildPhase section */

/* Begin PBXGroup section */
		CD2D2A69219739F100B59737 = {
			isa = PBXGroup;
			children = (
				CD2D2A74219739F100B59737 /* Shudder */,
				CD2D2A73219739F100B59737 /* Products */,
				CD2D2A8A21973D6100B59737 /* Frameworks */,
			);
			sourceTree = "<group>";
		};
		CD2D2A73219739F100B59737 /* Products */ = {
			isa = PBXGroup;
			children = (
				CD2D2A72219739F100B59737 /* Shudder.app */,
			);
			name = Products;
			sourceTree = "<group>";
		};
		CD2D2A74219739F100B59737 /* Shudder */ = {
			isa = PBXGroup;
			children = (
				CD2D2AAB2198165100B59737 /* Helpers */,
				CD2D2AA22197FCF400B59737 /* ViewModel */,
				CD2D2A9B2197EF8A00B59737 /* Extensions */,
				CD2D2A962197E5E800B59737 /* View */,
				CD2D2A932197E54000B59737 /* Controller */,
				CD2D2A922197E48000B59737 /* Model */,
				CD2D2A8721973AE400B59737 /* Service */,
				CD2D2A75219739F100B59737 /* AppDelegate.swift */,
				CD2D2A77219739F100B59737 /* ViewController.swift */,
				CD2D2A79219739F100B59737 /* Main.storyboard */,
				CD2D2A7C219739F500B59737 /* Assets.xcassets */,
				CD2D2A7E219739F500B59737 /* LaunchScreen.storyboard */,
				CD2D2A81219739F500B59737 /* Info.plist */,
				CD2D2A8E2197DE8F00B59737 /* Constants.swift */,
			);
			path = Shudder;
			sourceTree = "<group>";
		};
		CD2D2A8721973AE400B59737 /* Service */ = {
			isa = PBXGroup;
			children = (
				CD2D2A8821973AFB00B59737 /* NetworkService.swift */,
				CD2D2AA52197FD4C00B59737 /* FlickrService.swift */,
			);
			path = Service;
			sourceTree = "<group>";
		};
		CD2D2A8A21973D6100B59737 /* Frameworks */ = {
			isa = PBXGroup;
			children = (
				CD2D2A902197E0FC00B59737 /* SwiftyBeaver.framework */,
				CD2D2A8B21973D6200B59737 /* Alamofire.framework */,
			);
			name = Frameworks;
			sourceTree = "<group>";
		};
		CD2D2A922197E48000B59737 /* Model */ = {
			isa = PBXGroup;
			children = (
				CD2D2AA72198023400B59737 /* FlickrResult.swift */,
				CD2D2AA9219804C900B59737 /* Photo.swift */,
			);
			path = Model;
			sourceTree = "<group>";
		};
		CD2D2A932197E54000B59737 /* Controller */ = {
			isa = PBXGroup;
			children = (
				CD2D2A942197E5DE00B59737 /* FeaturedCollectionViewController.swift */,
			);
			path = Controller;
			sourceTree = "<group>";
		};
		CD2D2A962197E5E800B59737 /* View */ = {
			isa = PBXGroup;
			children = (
				CD2D2A972197E86700B59737 /* FeaturedCollectionViewCell.swift */,
				CD2D2A982197E86700B59737 /* FeaturedCollectionViewCell.xib */,
				CD2D2A9E2197F57D00B59737 /* MoviesCollectionViewCell.swift */,
				CD2D2A9F2197F57D00B59737 /* MoviesCollectionViewCell.xib */,
				CD2D2AB42198C95F00B59737 /* CachedImageView.swift */,
				CD2D2AB62198C9B300B59737 /* DiscardableImageCacheItem.swift */,
			);
			path = View;
			sourceTree = "<group>";
		};
		CD2D2A9B2197EF8A00B59737 /* Extensions */ = {
			isa = PBXGroup;
			children = (
				CD2D2A9C2197EFD700B59737 /* UIColor+Extension.swift */,
				CD2D2AB22198BDD700B59737 /* Array+Extension.swift */,
			);
			path = Extensions;
			sourceTree = "<group>";
		};
		CD2D2AA22197FCF400B59737 /* ViewModel */ = {
			isa = PBXGroup;
			children = (
				CD2D2AA32197FD1C00B59737 /* FeaturedCollectionViewControllerViewModel.swift */,
				CD2D2AB0219828B700B59737 /* FeaturedCollectionViewCellViewModel.swift */,
			);
			path = ViewModel;
			sourceTree = "<group>";
		};
		CD2D2AAB2198165100B59737 /* Helpers */ = {
			isa = PBXGroup;
			children = (
				CD2D2AAC2198165F00B59737 /* Bindable.swift */,
			);
			path = Helpers;
			sourceTree = "<group>";
		};
/* End PBXGroup section */

/* Begin PBXNativeTarget section */
		CD2D2A71219739F100B59737 /* Shudder */ = {
			isa = PBXNativeTarget;
			buildConfigurationList = CD2D2A84219739F500B59737 /* Build configuration list for PBXNativeTarget "Shudder" */;
			buildPhases = (
				CD2D2A6E219739F100B59737 /* Sources */,
				CD2D2A6F219739F100B59737 /* Frameworks */,
				CD2D2A70219739F100B59737 /* Resources */,
				CD2D2A8D21973E5000B59737 /* ShellScript */,
			);
			buildRules = (
			);
			dependencies = (
			);
			name = Shudder;
			productName = Shudder;
			productReference = CD2D2A72219739F100B59737 /* Shudder.app */;
			productType = "com.apple.product-type.application";
		};
/* End PBXNativeTarget section */

/* Begin PBXProject section */
		CD2D2A6A219739F100B59737 /* Project object */ = {
			isa = PBXProject;
			attributes = {
				LastSwiftUpdateCheck = 1010;
				LastUpgradeCheck = 1010;
				ORGANIZATIONNAME = homeapps;
				TargetAttributes = {
					CD2D2A71219739F100B59737 = {
						CreatedOnToolsVersion = 10.1;
					};
				};
			};
			buildConfigurationList = CD2D2A6D219739F100B59737 /* Build configuration list for PBXProject "Shudder" */;
			compatibilityVersion = "Xcode 9.3";
			developmentRegion = en;
			hasScannedForEncodings = 0;
			knownRegions = (
				en,
				Base,
			);
			mainGroup = CD2D2A69219739F100B59737;
			productRefGroup = CD2D2A73219739F100B59737 /* Products */;
			projectDirPath = "";
			projectRoot = "";
			targets = (
				CD2D2A71219739F100B59737 /* Shudder */,
			);
		};
/* End PBXProject section */

/* Begin PBXResourcesBuildPhase section */
		CD2D2A70219739F100B59737 /* Resources */ = {
			isa = PBXResourcesBuildPhase;
			buildActionMask = 2147483647;
			files = (
				CD2D2A80219739F500B59737 /* LaunchScreen.storyboard in Resources */,
				CD2D2A7D219739F500B59737 /* Assets.xcassets in Resources */,
				CD2D2AA12197F57D00B59737 /* MoviesCollectionViewCell.xib in Resources */,
				CD2D2A9A2197E86700B59737 /* FeaturedCollectionViewCell.xib in Resources */,
				CD2D2A7B219739F100B59737 /* Main.storyboard in Resources */,
			);
			runOnlyForDeploymentPostprocessing = 0;
		};
/* End PBXResourcesBuildPhase section */

/* Begin PBXShellScriptBuildPhase section */
		CD2D2A8D21973E5000B59737 /* ShellScript */ = {
			isa = PBXShellScriptBuildPhase;
			buildActionMask = 2147483647;
			files = (
			);
			inputFileListPaths = (
			);
			inputPaths = (
				"$(SRCROOT)/Carthage/Build/iOS/Alamofire.framework",
				"$(SRCROOT)/Carthage/Build/iOS/SwiftyBeaver.framework",
			);
			outputFileListPaths = (
			);
			outputPaths = (
			);
			runOnlyForDeploymentPostprocessing = 0;
			shellPath = /bin/sh;
			shellScript = "# Type a script or drag a script file from your workspace to insert its path.\n\n/usr/local/bin/carthage copy-frameworks\n\n";
		};
/* End PBXShellScriptBuildPhase section */

/* Begin PBXSourcesBuildPhase section */
		CD2D2A6E219739F100B59737 /* Sources */ = {
			isa = PBXSourcesBuildPhase;
			buildActionMask = 2147483647;
			files = (
				CD2D2AAD2198165F00B59737 /* Bindable.swift in Sources */,
				CD2D2AAA219804C900B59737 /* Photo.swift in Sources */,
				CD2D2AB72198C9B300B59737 /* DiscardableImageCacheItem.swift in Sources */,
				CD2D2A9D2197EFD700B59737 /* UIColor+Extension.swift in Sources */,
				CD2D2A78219739F100B59737 /* ViewController.swift in Sources */,
				CD2D2AB1219828B700B59737 /* FeaturedCollectionViewCellViewModel.swift in Sources */,
				CD2D2AA62197FD4C00B59737 /* FlickrService.swift in Sources */,
				CD2D2AB32198BDD700B59737 /* Array+Extension.swift in Sources */,
				CD2D2A952197E5DE00B59737 /* FeaturedCollectionViewController.swift in Sources */,
				CD2D2AA82198023400B59737 /* FlickrResult.swift in Sources */,
				CD2D2AA02197F57D00B59737 /* MoviesCollectionViewCell.swift in Sources */,
				CD2D2A992197E86700B59737 /* FeaturedCollectionViewCell.swift in Sources */,
				CD2D2AB52198C95F00B59737 /* CachedImageView.swift in Sources */,
				CD2D2A8921973AFB00B59737 /* NetworkService.swift in Sources */,
				CD2D2A76219739F100B59737 /* AppDelegate.swift in Sources */,
				CD2D2A8F2197DE8F00B59737 /* Constants.swift in Sources */,
				CD2D2AA42197FD1C00B59737 /* FeaturedCollectionViewControllerViewModel.swift in Sources */,
			);
			runOnlyForDeploymentPostprocessing = 0;
		};
/* End PBXSourcesBuildPhase section */

/* Begin PBXVariantGroup section */
		CD2D2A79219739F100B59737 /* Main.storyboard */ = {
			isa = PBXVariantGroup;
			children = (
				CD2D2A7A219739F100B59737 /* Base */,
			);
			name = Main.storyboard;
			sourceTree = "<group>";
		};
		CD2D2A7E219739F500B59737 /* LaunchScreen.storyboard */ = {
			isa = PBXVariantGroup;
			children = (
				CD2D2A7F219739F500B59737 /* Base */,
			);
			name = LaunchScreen.storyboard;
			sourceTree = "<group>";
		};
/* End PBXVariantGroup section */

/* Begin XCBuildConfiguration section */
		CD2D2A82219739F500B59737 /* Debug */ = {
			isa = XCBuildConfiguration;
			buildSettings = {
				ALWAYS_SEARCH_USER_PATHS = NO;
				CLANG_ANALYZER_NONNULL = YES;
				CLANG_ANALYZER_NUMBER_OBJECT_CONVERSION = YES_AGGRESSIVE;
				CLANG_CXX_LANGUAGE_STANDARD = "gnu++14";
				CLANG_CXX_LIBRARY = "libc++";
				CLANG_ENABLE_MODULES = YES;
				CLANG_ENABLE_OBJC_ARC = YES;
				CLANG_ENABLE_OBJC_WEAK = YES;
				CLANG_WARN_BLOCK_CAPTURE_AUTORELEASING = YES;
				CLANG_WARN_BOOL_CONVERSION = YES;
				CLANG_WARN_COMMA = YES;
				CLANG_WARN_CONSTANT_CONVERSION = YES;
				CLANG_WARN_DEPRECATED_OBJC_IMPLEMENTATIONS = YES;
				CLANG_WARN_DIRECT_OBJC_ISA_USAGE = YES_ERROR;
				CLANG_WARN_DOCUMENTATION_COMMENTS = YES;
				CLANG_WARN_EMPTY_BODY = YES;
				CLANG_WARN_ENUM_CONVERSION = YES;
				CLANG_WARN_INFINITE_RECURSION = YES;
				CLANG_WARN_INT_CONVERSION = YES;
				CLANG_WARN_NON_LITERAL_NULL_CONVERSION = YES;
				CLANG_WARN_OBJC_IMPLICIT_RETAIN_SELF = YES;
				CLANG_WARN_OBJC_LITERAL_CONVERSION = YES;
				CLANG_WARN_OBJC_ROOT_CLASS = YES_ERROR;
				CLANG_WARN_RANGE_LOOP_ANALYSIS = YES;
				CLANG_WARN_STRICT_PROTOTYPES = YES;
				CLANG_WARN_SUSPICIOUS_MOVE = YES;
				CLANG_WARN_UNGUARDED_AVAILABILITY = YES_AGGRESSIVE;
				CLANG_WARN_UNREACHABLE_CODE = YES;
				CLANG_WARN__DUPLICATE_METHOD_MATCH = YES;
				CODE_SIGN_IDENTITY = "iPhone Developer";
				COPY_PHASE_STRIP = NO;
				DEBUG_INFORMATION_FORMAT = dwarf;
				ENABLE_STRICT_OBJC_MSGSEND = YES;
				ENABLE_TESTABILITY = YES;
				GCC_C_LANGUAGE_STANDARD = gnu11;
				GCC_DYNAMIC_NO_PIC = NO;
				GCC_NO_COMMON_BLOCKS = YES;
				GCC_OPTIMIZATION_LEVEL = 0;
				GCC_PREPROCESSOR_DEFINITIONS = (
					"DEBUG=1",
					"$(inherited)",
				);
				GCC_WARN_64_TO_32_BIT_CONVERSION = YES;
				GCC_WARN_ABOUT_RETURN_TYPE = YES_ERROR;
				GCC_WARN_UNDECLARED_SELECTOR = YES;
				GCC_WARN_UNINITIALIZED_AUTOS = YES_AGGRESSIVE;
				GCC_WARN_UNUSED_FUNCTION = YES;
				GCC_WARN_UNUSED_VARIABLE = YES;
				IPHONEOS_DEPLOYMENT_TARGET = 12.1;
				MTL_ENABLE_DEBUG_INFO = INCLUDE_SOURCE;
				MTL_FAST_MATH = YES;
				ONLY_ACTIVE_ARCH = YES;
				SDKROOT = iphoneos;
				SWIFT_ACTIVE_COMPILATION_CONDITIONS = DEBUG;
				SWIFT_OPTIMIZATION_LEVEL = "-Onone";
			};
			name = Debug;
		};
		CD2D2A83219739F500B59737 /* Release */ = {
			isa = XCBuildConfiguration;
			buildSettings = {
				ALWAYS_SEARCH_USER_PATHS = NO;
				CLANG_ANALYZER_NONNULL = YES;
				CLANG_ANALYZER_NUMBER_OBJECT_CONVERSION = YES_AGGRESSIVE;
				CLANG_CXX_LANGUAGE_STANDARD = "gnu++14";
				CLANG_CXX_LIBRARY = "libc++";
				CLANG_ENABLE_MODULES = YES;
				CLANG_ENABLE_OBJC_ARC = YES;
				CLANG_ENABLE_OBJC_WEAK = YES;
				CLANG_WARN_BLOCK_CAPTURE_AUTORELEASING = YES;
				CLANG_WARN_BOOL_CONVERSION = YES;
				CLANG_WARN_COMMA = YES;
				CLANG_WARN_CONSTANT_CONVERSION = YES;
				CLANG_WARN_DEPRECATED_OBJC_IMPLEMENTATIONS = YES;
				CLANG_WARN_DIRECT_OBJC_ISA_USAGE = YES_ERROR;
				CLANG_WARN_DOCUMENTATION_COMMENTS = YES;
				CLANG_WARN_EMPTY_BODY = YES;
				CLANG_WARN_ENUM_CONVERSION = YES;
				CLANG_WARN_INFINITE_RECURSION = YES;
				CLANG_WARN_INT_CONVERSION = YES;
				CLANG_WARN_NON_LITERAL_NULL_CONVERSION = YES;
				CLANG_WARN_OBJC_IMPLICIT_RETAIN_SELF = YES;
				CLANG_WARN_OBJC_LITERAL_CONVERSION = YES;
				CLANG_WARN_OBJC_ROOT_CLASS = YES_ERROR;
				CLANG_WARN_RANGE_LOOP_ANALYSIS = YES;
				CLANG_WARN_STRICT_PROTOTYPES = YES;
				CLANG_WARN_SUSPICIOUS_MOVE = YES;
				CLANG_WARN_UNGUARDED_AVAILABILITY = YES_AGGRESSIVE;
				CLANG_WARN_UNREACHABLE_CODE = YES;
				CLANG_WARN__DUPLICATE_METHOD_MATCH = YES;
				CODE_SIGN_IDENTITY = "iPhone Developer";
				COPY_PHASE_STRIP = NO;
				DEBUG_INFORMATION_FORMAT = "dwarf-with-dsym";
				ENABLE_NS_ASSERTIONS = NO;
				ENABLE_STRICT_OBJC_MSGSEND = YES;
				GCC_C_LANGUAGE_STANDARD = gnu11;
				GCC_NO_COMMON_BLOCKS = YES;
				GCC_WARN_64_TO_32_BIT_CONVERSION = YES;
				GCC_WARN_ABOUT_RETURN_TYPE = YES_ERROR;
				GCC_WARN_UNDECLARED_SELECTOR = YES;
				GCC_WARN_UNINITIALIZED_AUTOS = YES_AGGRESSIVE;
				GCC_WARN_UNUSED_FUNCTION = YES;
				GCC_WARN_UNUSED_VARIABLE = YES;
				IPHONEOS_DEPLOYMENT_TARGET = 12.1;
				MTL_ENABLE_DEBUG_INFO = NO;
				MTL_FAST_MATH = YES;
				SDKROOT = iphoneos;
				SWIFT_COMPILATION_MODE = wholemodule;
				SWIFT_OPTIMIZATION_LEVEL = "-O";
				VALIDATE_PRODUCT = YES;
			};
			name = Release;
		};
		CD2D2A85219739F500B59737 /* Debug */ = {
			isa = XCBuildConfiguration;
			buildSettings = {
				ASSETCATALOG_COMPILER_APPICON_NAME = AppIcon;
				CODE_SIGN_STYLE = Automatic;
				DEVELOPMENT_TEAM = 8R3688592C;
				FRAMEWORK_SEARCH_PATHS = (
					"$(inherited)",
					"$(PROJECT_DIR)/Carthage/Build/iOS",
				);
				INFOPLIST_FILE = Shudder/Info.plist;
				IPHONEOS_DEPLOYMENT_TARGET = 11.3;
				LD_RUNPATH_SEARCH_PATHS = (
					"$(inherited)",
					"@executable_path/Frameworks",
				);
				PRODUCT_BUNDLE_IDENTIFIER = com.solorapps.Shudder;
				PRODUCT_NAME = "$(TARGET_NAME)";
				SWIFT_VERSION = 4.2;
				TARGETED_DEVICE_FAMILY = "1,2";
			};
			name = Debug;
		};
		CD2D2A86219739F500B59737 /* Release */ = {
			isa = XCBuildConfiguration;
			buildSettings = {
				ASSETCATALOG_COMPILER_APPICON_NAME = AppIcon;
				CODE_SIGN_STYLE = Automatic;
				DEVELOPMENT_TEAM = 8R3688592C;
				FRAMEWORK_SEARCH_PATHS = (
					"$(inherited)",
					"$(PROJECT_DIR)/Carthage/Build/iOS",
				);
				INFOPLIST_FILE = Shudder/Info.plist;
				IPHONEOS_DEPLOYMENT_TARGET = 11.3;
				LD_RUNPATH_SEARCH_PATHS = (
					"$(inherited)",
					"@executable_path/Frameworks",
				);
				PRODUCT_BUNDLE_IDENTIFIER = com.solorapps.Shudder;
				PRODUCT_NAME = "$(TARGET_NAME)";
				SWIFT_VERSION = 4.2;
				TARGETED_DEVICE_FAMILY = "1,2";
			};
			name = Release;
		};
/* End XCBuildConfiguration section */

/* Begin XCConfigurationList section */
		CD2D2A6D219739F100B59737 /* Build configuration list for PBXProject "Shudder" */ = {
			isa = XCConfigurationList;
			buildConfigurations = (
				CD2D2A82219739F500B59737 /* Debug */,
				CD2D2A83219739F500B59737 /* Release */,
			);
			defaultConfigurationIsVisible = 0;
			defaultConfigurationName = Release;
		};
		CD2D2A84219739F500B59737 /* Build configuration list for PBXNativeTarget "Shudder" */ = {
			isa = XCConfigurationList;
			buildConfigurations = (
				CD2D2A85219739F500B59737 /* Debug */,
				CD2D2A86219739F500B59737 /* Release */,
			);
			defaultConfigurationIsVisible = 0;
			defaultConfigurationName = Release;
		};
/* End XCConfigurationList section */
	};
	rootObject = CD2D2A6A219739F100B59737 /* Project object */;
}
